// !$*UTF8*$!
{
	archiveVersion = 1;
	classes = {
	};
	objectVersion = 51;
	objects = {

/* Begin PBXBuildFile section */
		899E6E02F68B6A563A7F1715 /* Pods_NYLT_Quick_Photo_Capture.framework in Frameworks */ = {isa = PBXBuildFile; fileRef = 0C777D1C0B35389EF618BFA3 /* Pods_NYLT_Quick_Photo_Capture.framework */; };
		965ED9E647382EA74CC786A2 /* Pods_NYLT_Quick_Photo_CaptureTests.framework in Frameworks */ = {isa = PBXBuildFile; fileRef = CAE4B9802EC5E7E76C7037D0 /* Pods_NYLT_Quick_Photo_CaptureTests.framework */; };
		C00917CC239F4B4D00D4DEBB /* Utils.swift in Sources */ = {isa = PBXBuildFile; fileRef = C00917CB239F4B4D00D4DEBB /* Utils.swift */; };
		C05DB92721AB91C700DAB4ED /* ItunesArtwork@2x.png in Resources */ = {isa = PBXBuildFile; fileRef = C05DB92621AB91C700DAB4ED /* ItunesArtwork@2x.png */; };
		C08A800422A35FCF0051E467 /* Settings.bundle in Resources */ = {isa = PBXBuildFile; fileRef = C08A800322A35FCF0051E467 /* Settings.bundle */; };
		C0DA9A4721A9E374000CDD83 /* ServerOperations.swift in Sources */ = {isa = PBXBuildFile; fileRef = C0DA9A4621A9E374000CDD83 /* ServerOperations.swift */; };
		C0DD35EB23BD1CF6009867D8 /* ViewController+Utils.swift in Sources */ = {isa = PBXBuildFile; fileRef = C0DD35EA23BD1CF6009867D8 /* ViewController+Utils.swift */; };
		C0DD35ED23BD3073009867D8 /* ViewController+Documents.swift in Sources */ = {isa = PBXBuildFile; fileRef = C0DD35EC23BD3073009867D8 /* ViewController+Documents.swift */; };
		C0DD35EF23BD3105009867D8 /* ViewController+Search.swift in Sources */ = {isa = PBXBuildFile; fileRef = C0DD35EE23BD3105009867D8 /* ViewController+Search.swift */; };
		C0DD35F123BD3114009867D8 /* ViewController+ImagePicker.swift in Sources */ = {isa = PBXBuildFile; fileRef = C0DD35F023BD3114009867D8 /* ViewController+ImagePicker.swift */; };
		C0DD35F323BD31CF009867D8 /* ViewController+TableView.swift in Sources */ = {isa = PBXBuildFile; fileRef = C0DD35F223BD31CF009867D8 /* ViewController+TableView.swift */; };
		C0DD35F523BD3D2D009867D8 /* AddScout.swift in Sources */ = {isa = PBXBuildFile; fileRef = C0DD35F423BD3D2D009867D8 /* AddScout.swift */; };
		C0E1E14E21A89C1B001AC5E4 /* AppDelegate.swift in Sources */ = {isa = PBXBuildFile; fileRef = C0E1E14D21A89C1B001AC5E4 /* AppDelegate.swift */; };
		C0E1E15021A89C1B001AC5E4 /* ViewController.swift in Sources */ = {isa = PBXBuildFile; fileRef = C0E1E14F21A89C1B001AC5E4 /* ViewController.swift */; };
		C0E1E15321A89C1B001AC5E4 /* Main.storyboard in Resources */ = {isa = PBXBuildFile; fileRef = C0E1E15121A89C1B001AC5E4 /* Main.storyboard */; };
		C0E1E15521A89C1C001AC5E4 /* Assets.xcassets in Resources */ = {isa = PBXBuildFile; fileRef = C0E1E15421A89C1C001AC5E4 /* Assets.xcassets */; };
		C0E1E15821A89C1C001AC5E4 /* LaunchScreen.storyboard in Resources */ = {isa = PBXBuildFile; fileRef = C0E1E15621A89C1C001AC5E4 /* LaunchScreen.storyboard */; };
		C0E1E16321A89C1D001AC5E4 /* NYLT_Quick_Photo_CaptureTests.swift in Sources */ = {isa = PBXBuildFile; fileRef = C0E1E16221A89C1D001AC5E4 /* NYLT_Quick_Photo_CaptureTests.swift */; };
/* End PBXBuildFile section */

/* Begin PBXContainerItemProxy section */
		C0E1E15F21A89C1D001AC5E4 /* PBXContainerItemProxy */ = {
			isa = PBXContainerItemProxy;
			containerPortal = C0E1E14221A89C1B001AC5E4 /* Project object */;
			proxyType = 1;
			remoteGlobalIDString = C0E1E14921A89C1B001AC5E4;
			remoteInfo = "NYLT Quick Photo Capture";
		};
/* End PBXContainerItemProxy section */

/* Begin PBXFileReference section */
		0C777D1C0B35389EF618BFA3 /* Pods_NYLT_Quick_Photo_Capture.framework */ = {isa = PBXFileReference; explicitFileType = wrapper.framework; includeInIndex = 0; path = Pods_NYLT_Quick_Photo_Capture.framework; sourceTree = BUILT_PRODUCTS_DIR; };
		3DF83339C7273240E737522D /* Pods-NYLT Quick Photo Capture.release.xcconfig */ = {isa = PBXFileReference; includeInIndex = 1; lastKnownFileType = text.xcconfig; name = "Pods-NYLT Quick Photo Capture.release.xcconfig"; path = "Target Support Files/Pods-NYLT Quick Photo Capture/Pods-NYLT Quick Photo Capture.release.xcconfig"; sourceTree = "<group>"; };
		4E8733F270E99C71212CBA15 /* Pods-NYLT Quick Photo Capture.debug.xcconfig */ = {isa = PBXFileReference; includeInIndex = 1; lastKnownFileType = text.xcconfig; name = "Pods-NYLT Quick Photo Capture.debug.xcconfig"; path = "Target Support Files/Pods-NYLT Quick Photo Capture/Pods-NYLT Quick Photo Capture.debug.xcconfig"; sourceTree = "<group>"; };
		8F5722A797313C37AB192893 /* Pods-NYLT Quick Photo CaptureTests.release.xcconfig */ = {isa = PBXFileReference; includeInIndex = 1; lastKnownFileType = text.xcconfig; name = "Pods-NYLT Quick Photo CaptureTests.release.xcconfig"; path = "Target Support Files/Pods-NYLT Quick Photo CaptureTests/Pods-NYLT Quick Photo CaptureTests.release.xcconfig"; sourceTree = "<group>"; };
		A50E9D3CFF7A421E4C3F6F59 /* Pods-NYLT Quick Photo CaptureTests.debug.xcconfig */ = {isa = PBXFileReference; includeInIndex = 1; lastKnownFileType = text.xcconfig; name = "Pods-NYLT Quick Photo CaptureTests.debug.xcconfig"; path = "Target Support Files/Pods-NYLT Quick Photo CaptureTests/Pods-NYLT Quick Photo CaptureTests.debug.xcconfig"; sourceTree = "<group>"; };
		C00917CB239F4B4D00D4DEBB /* Utils.swift */ = {isa = PBXFileReference; lastKnownFileType = sourcecode.swift; path = Utils.swift; sourceTree = "<group>"; };
		C05DB92621AB91C700DAB4ED /* ItunesArtwork@2x.png */ = {isa = PBXFileReference; lastKnownFileType = image.png; name = "ItunesArtwork@2x.png"; path = "../../../Downloads/camera-icon/ios/AppIcon.appiconset/ItunesArtwork@2x.png"; sourceTree = "<group>"; };
		C08A800322A35FCF0051E467 /* Settings.bundle */ = {isa = PBXFileReference; lastKnownFileType = "wrapper.plug-in"; path = Settings.bundle; sourceTree = "<group>"; };
		C0A701232380836200366BFA /* NYLT Quick Photo Capture.entitlements */ = {isa = PBXFileReference; lastKnownFileType = text.plist.entitlements; path = "NYLT Quick Photo Capture.entitlements"; sourceTree = "<group>"; };
		C0DA9A4621A9E374000CDD83 /* ServerOperations.swift */ = {isa = PBXFileReference; lastKnownFileType = sourcecode.swift; path = ServerOperations.swift; sourceTree = "<group>"; };
		C0DD35EA23BD1CF6009867D8 /* ViewController+Utils.swift */ = {isa = PBXFileReference; lastKnownFileType = sourcecode.swift; path = "ViewController+Utils.swift"; sourceTree = "<group>"; };
		C0DD35EC23BD3073009867D8 /* ViewController+Documents.swift */ = {isa = PBXFileReference; lastKnownFileType = sourcecode.swift; path = "ViewController+Documents.swift"; sourceTree = "<group>"; };
		C0DD35EE23BD3105009867D8 /* ViewController+Search.swift */ = {isa = PBXFileReference; lastKnownFileType = sourcecode.swift; path = "ViewController+Search.swift"; sourceTree = "<group>"; };
		C0DD35F023BD3114009867D8 /* ViewController+ImagePicker.swift */ = {isa = PBXFileReference; lastKnownFileType = sourcecode.swift; path = "ViewController+ImagePicker.swift"; sourceTree = "<group>"; };
		C0DD35F223BD31CF009867D8 /* ViewController+TableView.swift */ = {isa = PBXFileReference; lastKnownFileType = sourcecode.swift; path = "ViewController+TableView.swift"; sourceTree = "<group>"; };
		C0DD35F423BD3D2D009867D8 /* AddScout.swift */ = {isa = PBXFileReference; lastKnownFileType = sourcecode.swift; path = AddScout.swift; sourceTree = "<group>"; };
		C0E1E14A21A89C1B001AC5E4 /* NYLT Quick Photo Capture.app */ = {isa = PBXFileReference; explicitFileType = wrapper.application; includeInIndex = 0; path = "NYLT Quick Photo Capture.app"; sourceTree = BUILT_PRODUCTS_DIR; };
		C0E1E14D21A89C1B001AC5E4 /* AppDelegate.swift */ = {isa = PBXFileReference; lastKnownFileType = sourcecode.swift; path = AppDelegate.swift; sourceTree = "<group>"; };
		C0E1E14F21A89C1B001AC5E4 /* ViewController.swift */ = {isa = PBXFileReference; lastKnownFileType = sourcecode.swift; path = ViewController.swift; sourceTree = "<group>"; };
		C0E1E15221A89C1B001AC5E4 /* Base */ = {isa = PBXFileReference; lastKnownFileType = file.storyboard; name = Base; path = Base.lproj/Main.storyboard; sourceTree = "<group>"; };
		C0E1E15421A89C1C001AC5E4 /* Assets.xcassets */ = {isa = PBXFileReference; lastKnownFileType = folder.assetcatalog; path = Assets.xcassets; sourceTree = "<group>"; };
		C0E1E15721A89C1C001AC5E4 /* Base */ = {isa = PBXFileReference; lastKnownFileType = file.storyboard; name = Base; path = Base.lproj/LaunchScreen.storyboard; sourceTree = "<group>"; };
		C0E1E15921A89C1C001AC5E4 /* Info.plist */ = {isa = PBXFileReference; lastKnownFileType = text.plist.xml; path = Info.plist; sourceTree = "<group>"; };
		C0E1E15E21A89C1D001AC5E4 /* NYLT Quick Photo CaptureTests.xctest */ = {isa = PBXFileReference; explicitFileType = wrapper.cfbundle; includeInIndex = 0; path = "NYLT Quick Photo CaptureTests.xctest"; sourceTree = BUILT_PRODUCTS_DIR; };
		C0E1E16221A89C1D001AC5E4 /* NYLT_Quick_Photo_CaptureTests.swift */ = {isa = PBXFileReference; lastKnownFileType = sourcecode.swift; path = NYLT_Quick_Photo_CaptureTests.swift; sourceTree = "<group>"; };
		C0E1E16421A89C1D001AC5E4 /* Info.plist */ = {isa = PBXFileReference; lastKnownFileType = text.plist.xml; path = Info.plist; sourceTree = "<group>"; };
		CAE4B9802EC5E7E76C7037D0 /* Pods_NYLT_Quick_Photo_CaptureTests.framework */ = {isa = PBXFileReference; explicitFileType = wrapper.framework; includeInIndex = 0; path = Pods_NYLT_Quick_Photo_CaptureTests.framework; sourceTree = BUILT_PRODUCTS_DIR; };
/* End PBXFileReference section */

/* Begin PBXFrameworksBuildPhase section */
		C0E1E14721A89C1B001AC5E4 /* Frameworks */ = {
			isa = PBXFrameworksBuildPhase;
			buildActionMask = 2147483647;
			files = (
				899E6E02F68B6A563A7F1715 /* Pods_NYLT_Quick_Photo_Capture.framework in Frameworks */,
			);
			runOnlyForDeploymentPostprocessing = 0;
		};
		C0E1E15B21A89C1D001AC5E4 /* Frameworks */ = {
			isa = PBXFrameworksBuildPhase;
			buildActionMask = 2147483647;
			files = (
				965ED9E647382EA74CC786A2 /* Pods_NYLT_Quick_Photo_CaptureTests.framework in Frameworks */,
			);
			runOnlyForDeploymentPostprocessing = 0;
		};
/* End PBXFrameworksBuildPhase section */

/* Begin PBXGroup section */
		0B01C1133068D4838D2B66E5 /* Pods */ = {
			isa = PBXGroup;
			children = (
				4E8733F270E99C71212CBA15 /* Pods-NYLT Quick Photo Capture.debug.xcconfig */,
				3DF83339C7273240E737522D /* Pods-NYLT Quick Photo Capture.release.xcconfig */,
				A50E9D3CFF7A421E4C3F6F59 /* Pods-NYLT Quick Photo CaptureTests.debug.xcconfig */,
				8F5722A797313C37AB192893 /* Pods-NYLT Quick Photo CaptureTests.release.xcconfig */,
			);
			path = Pods;
			sourceTree = "<group>";
		};
		641F5359AE592D215439A7FE /* Frameworks */ = {
			isa = PBXGroup;
			children = (
				0C777D1C0B35389EF618BFA3 /* Pods_NYLT_Quick_Photo_Capture.framework */,
				CAE4B9802EC5E7E76C7037D0 /* Pods_NYLT_Quick_Photo_CaptureTests.framework */,
			);
			name = Frameworks;
			sourceTree = "<group>";
		};
		C0E1E14121A89C1B001AC5E4 = {
			isa = PBXGroup;
			children = (
				C0E1E14C21A89C1B001AC5E4 /* NYLT Quick Photo Capture */,
				C0E1E16121A89C1D001AC5E4 /* NYLT Quick Photo CaptureTests */,
				C0E1E14B21A89C1B001AC5E4 /* Products */,
				0B01C1133068D4838D2B66E5 /* Pods */,
				641F5359AE592D215439A7FE /* Frameworks */,
			);
			sourceTree = "<group>";
		};
		C0E1E14B21A89C1B001AC5E4 /* Products */ = {
			isa = PBXGroup;
			children = (
				C0E1E14A21A89C1B001AC5E4 /* NYLT Quick Photo Capture.app */,
				C0E1E15E21A89C1D001AC5E4 /* NYLT Quick Photo CaptureTests.xctest */,
			);
			name = Products;
			sourceTree = "<group>";
		};
		C0E1E14C21A89C1B001AC5E4 /* NYLT Quick Photo Capture */ = {
			isa = PBXGroup;
			children = (
				C0A701232380836200366BFA /* NYLT Quick Photo Capture.entitlements */,
				C0E1E14D21A89C1B001AC5E4 /* AppDelegate.swift */,
				C0E1E14F21A89C1B001AC5E4 /* ViewController.swift */,
				C0E1E15121A89C1B001AC5E4 /* Main.storyboard */,
				C0E1E15421A89C1C001AC5E4 /* Assets.xcassets */,
				C0E1E15621A89C1C001AC5E4 /* LaunchScreen.storyboard */,
				C0E1E15921A89C1C001AC5E4 /* Info.plist */,
				C0DA9A4621A9E374000CDD83 /* ServerOperations.swift */,
				C05DB92621AB91C700DAB4ED /* ItunesArtwork@2x.png */,
				C08A800322A35FCF0051E467 /* Settings.bundle */,
				C00917CB239F4B4D00D4DEBB /* Utils.swift */,
				C0DD35EA23BD1CF6009867D8 /* ViewController+Utils.swift */,
				C0DD35EC23BD3073009867D8 /* ViewController+Documents.swift */,
				C0DD35EE23BD3105009867D8 /* ViewController+Search.swift */,
				C0DD35F023BD3114009867D8 /* ViewController+ImagePicker.swift */,
				C0DD35F223BD31CF009867D8 /* ViewController+TableView.swift */,
				C0DD35F423BD3D2D009867D8 /* AddScout.swift */,
			);
			path = "NYLT Quick Photo Capture";
			sourceTree = "<group>";
		};
		C0E1E16121A89C1D001AC5E4 /* NYLT Quick Photo CaptureTests */ = {
			isa = PBXGroup;
			children = (
				C0E1E16221A89C1D001AC5E4 /* NYLT_Quick_Photo_CaptureTests.swift */,
				C0E1E16421A89C1D001AC5E4 /* Info.plist */,
			);
			path = "NYLT Quick Photo CaptureTests";
			sourceTree = "<group>";
		};
/* End PBXGroup section */

/* Begin PBXNativeTarget section */
		C0E1E14921A89C1B001AC5E4 /* NYLT Quick Photo Capture */ = {
			isa = PBXNativeTarget;
			buildConfigurationList = C0E1E16721A89C1D001AC5E4 /* Build configuration list for PBXNativeTarget "NYLT Quick Photo Capture" */;
			buildPhases = (
				FA13564B03FC642885150551 /* [CP] Check Pods Manifest.lock */,
				C0E1E14621A89C1B001AC5E4 /* Sources */,
				C0E1E14721A89C1B001AC5E4 /* Frameworks */,
				C0E1E14821A89C1B001AC5E4 /* Resources */,
				08590B657550A05D70D84DA9 /* [CP] Embed Pods Frameworks */,
			);
			buildRules = (
			);
			dependencies = (
			);
			name = "NYLT Quick Photo Capture";
			productName = "NYLT Quick Photo Capture";
			productReference = C0E1E14A21A89C1B001AC5E4 /* NYLT Quick Photo Capture.app */;
			productType = "com.apple.product-type.application";
		};
		C0E1E15D21A89C1D001AC5E4 /* NYLT Quick Photo CaptureTests */ = {
			isa = PBXNativeTarget;
			buildConfigurationList = C0E1E16A21A89C1D001AC5E4 /* Build configuration list for PBXNativeTarget "NYLT Quick Photo CaptureTests" */;
			buildPhases = (
				77526950D101ECEE91493B6D /* [CP] Check Pods Manifest.lock */,
				C0E1E15A21A89C1D001AC5E4 /* Sources */,
				C0E1E15B21A89C1D001AC5E4 /* Frameworks */,
				C0E1E15C21A89C1D001AC5E4 /* Resources */,
			);
			buildRules = (
			);
			dependencies = (
				C0E1E16021A89C1D001AC5E4 /* PBXTargetDependency */,
			);
			name = "NYLT Quick Photo CaptureTests";
			productName = "NYLT Quick Photo CaptureTests";
			productReference = C0E1E15E21A89C1D001AC5E4 /* NYLT Quick Photo CaptureTests.xctest */;
			productType = "com.apple.product-type.bundle.unit-test";
		};
/* End PBXNativeTarget section */

/* Begin PBXProject section */
		C0E1E14221A89C1B001AC5E4 /* Project object */ = {
			isa = PBXProject;
			attributes = {
				LastSwiftUpdateCheck = 1010;
				LastUpgradeCheck = 1010;
				ORGANIZATIONNAME = "Atlanta Area Council NYLT";
				TargetAttributes = {
					C0E1E14921A89C1B001AC5E4 = {
						CreatedOnToolsVersion = 10.1;
						LastSwiftMigration = 1130;
					};
					C0E1E15D21A89C1D001AC5E4 = {
						CreatedOnToolsVersion = 10.1;
						LastSwiftMigration = 1130;
						TestTargetID = C0E1E14921A89C1B001AC5E4;
					};
				};
			};
			buildConfigurationList = C0E1E14521A89C1B001AC5E4 /* Build configuration list for PBXProject "NYLT Quick Photo Capture" */;
			compatibilityVersion = "Xcode 9.3";
			developmentRegion = en;
			hasScannedForEncodings = 0;
			knownRegions = (
				en,
				Base,
			);
			mainGroup = C0E1E14121A89C1B001AC5E4;
			productRefGroup = C0E1E14B21A89C1B001AC5E4 /* Products */;
			projectDirPath = "";
			projectRoot = "";
			targets = (
				C0E1E14921A89C1B001AC5E4 /* NYLT Quick Photo Capture */,
				C0E1E15D21A89C1D001AC5E4 /* NYLT Quick Photo CaptureTests */,
			);
		};
/* End PBXProject section */

/* Begin PBXResourcesBuildPhase section */
		C0E1E14821A89C1B001AC5E4 /* Resources */ = {
			isa = PBXResourcesBuildPhase;
			buildActionMask = 2147483647;
			files = (
				C0E1E15821A89C1C001AC5E4 /* LaunchScreen.storyboard in Resources */,
				C0E1E15521A89C1C001AC5E4 /* Assets.xcassets in Resources */,
				C08A800422A35FCF0051E467 /* Settings.bundle in Resources */,
				C0E1E15321A89C1B001AC5E4 /* Main.storyboard in Resources */,
				C05DB92721AB91C700DAB4ED /* ItunesArtwork@2x.png in Resources */,
			);
			runOnlyForDeploymentPostprocessing = 0;
		};
		C0E1E15C21A89C1D001AC5E4 /* Resources */ = {
			isa = PBXResourcesBuildPhase;
			buildActionMask = 2147483647;
			files = (
			);
			runOnlyForDeploymentPostprocessing = 0;
		};
/* End PBXResourcesBuildPhase section */

/* Begin PBXShellScriptBuildPhase section */
		08590B657550A05D70D84DA9 /* [CP] Embed Pods Frameworks */ = {
			isa = PBXShellScriptBuildPhase;
			buildActionMask = 2147483647;
			files = (
			);
			inputFileListPaths = (
				"${PODS_ROOT}/Target Support Files/Pods-NYLT Quick Photo Capture/Pods-NYLT Quick Photo Capture-frameworks-${CONFIGURATION}-input-files.xcfilelist",
			);
			name = "[CP] Embed Pods Frameworks";
			outputFileListPaths = (
				"${PODS_ROOT}/Target Support Files/Pods-NYLT Quick Photo Capture/Pods-NYLT Quick Photo Capture-frameworks-${CONFIGURATION}-output-files.xcfilelist",
			);
			runOnlyForDeploymentPostprocessing = 0;
			shellPath = /bin/sh;
			shellScript = "\"${PODS_ROOT}/Target Support Files/Pods-NYLT Quick Photo Capture/Pods-NYLT Quick Photo Capture-frameworks.sh\"\n";
			showEnvVarsInLog = 0;
		};
		77526950D101ECEE91493B6D /* [CP] Check Pods Manifest.lock */ = {
			isa = PBXShellScriptBuildPhase;
			buildActionMask = 2147483647;
			files = (
			);
			inputFileListPaths = (
			);
			inputPaths = (
				"${PODS_PODFILE_DIR_PATH}/Podfile.lock",
				"${PODS_ROOT}/Manifest.lock",
			);
			name = "[CP] Check Pods Manifest.lock";
			outputFileListPaths = (
			);
			outputPaths = (
				"$(DERIVED_FILE_DIR)/Pods-NYLT Quick Photo CaptureTests-checkManifestLockResult.txt",
			);
			runOnlyForDeploymentPostprocessing = 0;
			shellPath = /bin/sh;
			shellScript = "diff \"${PODS_PODFILE_DIR_PATH}/Podfile.lock\" \"${PODS_ROOT}/Manifest.lock\" > /dev/null\nif [ $? != 0 ] ; then\n    # print error to STDERR\n    echo \"error: The sandbox is not in sync with the Podfile.lock. Run 'pod install' or update your CocoaPods installation.\" >&2\n    exit 1\nfi\n# This output is used by Xcode 'outputs' to avoid re-running this script phase.\necho \"SUCCESS\" > \"${SCRIPT_OUTPUT_FILE_0}\"\n";
			showEnvVarsInLog = 0;
		};
		FA13564B03FC642885150551 /* [CP] Check Pods Manifest.lock */ = {
			isa = PBXShellScriptBuildPhase;
			buildActionMask = 2147483647;
			files = (
			);
			inputFileListPaths = (
			);
			inputPaths = (
				"${PODS_PODFILE_DIR_PATH}/Podfile.lock",
				"${PODS_ROOT}/Manifest.lock",
			);
			name = "[CP] Check Pods Manifest.lock";
			outputFileListPaths = (
			);
			outputPaths = (
				"$(DERIVED_FILE_DIR)/Pods-NYLT Quick Photo Capture-checkManifestLockResult.txt",
			);
			runOnlyForDeploymentPostprocessing = 0;
			shellPath = /bin/sh;
			shellScript = "diff \"${PODS_PODFILE_DIR_PATH}/Podfile.lock\" \"${PODS_ROOT}/Manifest.lock\" > /dev/null\nif [ $? != 0 ] ; then\n    # print error to STDERR\n    echo \"error: The sandbox is not in sync with the Podfile.lock. Run 'pod install' or update your CocoaPods installation.\" >&2\n    exit 1\nfi\n# This output is used by Xcode 'outputs' to avoid re-running this script phase.\necho \"SUCCESS\" > \"${SCRIPT_OUTPUT_FILE_0}\"\n";
			showEnvVarsInLog = 0;
		};
/* End PBXShellScriptBuildPhase section */

/* Begin PBXSourcesBuildPhase section */
		C0E1E14621A89C1B001AC5E4 /* Sources */ = {
			isa = PBXSourcesBuildPhase;
			buildActionMask = 2147483647;
			files = (
				C0E1E15021A89C1B001AC5E4 /* ViewController.swift in Sources */,
				C0DD35EB23BD1CF6009867D8 /* ViewController+Utils.swift in Sources */,
				C0DD35F523BD3D2D009867D8 /* AddScout.swift in Sources */,
				C0E1E14E21A89C1B001AC5E4 /* AppDelegate.swift in Sources */,
				C0DD35EF23BD3105009867D8 /* ViewController+Search.swift in Sources */,
				C0DD35F123BD3114009867D8 /* ViewController+ImagePicker.swift in Sources */,
				C0DA9A4721A9E374000CDD83 /* ServerOperations.swift in Sources */,
				C00917CC239F4B4D00D4DEBB /* Utils.swift in Sources */,
				C0DD35ED23BD3073009867D8 /* ViewController+Documents.swift in Sources */,
				C0DD35F323BD31CF009867D8 /* ViewController+TableView.swift in Sources */,
			);
			runOnlyForDeploymentPostprocessing = 0;
		};
		C0E1E15A21A89C1D001AC5E4 /* Sources */ = {
			isa = PBXSourcesBuildPhase;
			buildActionMask = 2147483647;
			files = (
				C0E1E16321A89C1D001AC5E4 /* NYLT_Quick_Photo_CaptureTests.swift in Sources */,
			);
			runOnlyForDeploymentPostprocessing = 0;
		};
/* End PBXSourcesBuildPhase section */

/* Begin PBXTargetDependency section */
		C0E1E16021A89C1D001AC5E4 /* PBXTargetDependency */ = {
			isa = PBXTargetDependency;
			target = C0E1E14921A89C1B001AC5E4 /* NYLT Quick Photo Capture */;
			targetProxy = C0E1E15F21A89C1D001AC5E4 /* PBXContainerItemProxy */;
		};
/* End PBXTargetDependency section */

/* Begin PBXVariantGroup section */
		C0E1E15121A89C1B001AC5E4 /* Main.storyboard */ = {
			isa = PBXVariantGroup;
			children = (
				C0E1E15221A89C1B001AC5E4 /* Base */,
			);
			name = Main.storyboard;
			sourceTree = "<group>";
		};
		C0E1E15621A89C1C001AC5E4 /* LaunchScreen.storyboard */ = {
			isa = PBXVariantGroup;
			children = (
				C0E1E15721A89C1C001AC5E4 /* Base */,
			);
			name = LaunchScreen.storyboard;
			sourceTree = "<group>";
		};
/* End PBXVariantGroup section */

/* Begin XCBuildConfiguration section */
		C0E1E16521A89C1D001AC5E4 /* Debug */ = {
			isa = XCBuildConfiguration;
			buildSettings = {
				ALWAYS_SEARCH_USER_PATHS = NO;
				CLANG_ANALYZER_NONNULL = YES;
				CLANG_ANALYZER_NUMBER_OBJECT_CONVERSION = YES_AGGRESSIVE;
				CLANG_CXX_LANGUAGE_STANDARD = "gnu++14";
				CLANG_CXX_LIBRARY = "libc++";
				CLANG_ENABLE_MODULES = YES;
				CLANG_ENABLE_OBJC_ARC = YES;
				CLANG_ENABLE_OBJC_WEAK = YES;
				CLANG_WARN_BLOCK_CAPTURE_AUTORELEASING = YES;
				CLANG_WARN_BOOL_CONVERSION = YES;
				CLANG_WARN_COMMA = YES;
				CLANG_WARN_CONSTANT_CONVERSION = YES;
				CLANG_WARN_DEPRECATED_OBJC_IMPLEMENTATIONS = YES;
				CLANG_WARN_DIRECT_OBJC_ISA_USAGE = YES_ERROR;
				CLANG_WARN_DOCUMENTATION_COMMENTS = YES;
				CLANG_WARN_EMPTY_BODY = YES;
				CLANG_WARN_ENUM_CONVERSION = YES;
				CLANG_WARN_INFINITE_RECURSION = YES;
				CLANG_WARN_INT_CONVERSION = YES;
				CLANG_WARN_NON_LITERAL_NULL_CONVERSION = YES;
				CLANG_WARN_OBJC_IMPLICIT_RETAIN_SELF = YES;
				CLANG_WARN_OBJC_LITERAL_CONVERSION = YES;
				CLANG_WARN_OBJC_ROOT_CLASS = YES_ERROR;
				CLANG_WARN_RANGE_LOOP_ANALYSIS = YES;
				CLANG_WARN_STRICT_PROTOTYPES = YES;
				CLANG_WARN_SUSPICIOUS_MOVE = YES;
				CLANG_WARN_UNGUARDED_AVAILABILITY = YES_AGGRESSIVE;
				CLANG_WARN_UNREACHABLE_CODE = YES;
				CLANG_WARN__DUPLICATE_METHOD_MATCH = YES;
				CODE_SIGN_IDENTITY = "iPhone Developer";
				COPY_PHASE_STRIP = NO;
				DEBUG_INFORMATION_FORMAT = dwarf;
				ENABLE_STRICT_OBJC_MSGSEND = YES;
				ENABLE_TESTABILITY = YES;
				GCC_C_LANGUAGE_STANDARD = gnu11;
				GCC_DYNAMIC_NO_PIC = NO;
				GCC_NO_COMMON_BLOCKS = YES;
				GCC_OPTIMIZATION_LEVEL = 0;
				GCC_PREPROCESSOR_DEFINITIONS = (
					"DEBUG=1",
					"$(inherited)",
				);
				GCC_WARN_64_TO_32_BIT_CONVERSION = YES;
				GCC_WARN_ABOUT_RETURN_TYPE = YES_ERROR;
				GCC_WARN_UNDECLARED_SELECTOR = YES;
				GCC_WARN_UNINITIALIZED_AUTOS = YES_AGGRESSIVE;
				GCC_WARN_UNUSED_FUNCTION = YES;
				GCC_WARN_UNUSED_VARIABLE = YES;
				IPHONEOS_DEPLOYMENT_TARGET = 13.0;
				MTL_ENABLE_DEBUG_INFO = INCLUDE_SOURCE;
				MTL_FAST_MATH = YES;
				ONLY_ACTIVE_ARCH = YES;
				SDKROOT = iphoneos;
				SWIFT_ACTIVE_COMPILATION_CONDITIONS = DEBUG;
				SWIFT_OPTIMIZATION_LEVEL = "-Onone";
			};
			name = Debug;
		};
		C0E1E16621A89C1D001AC5E4 /* Release */ = {
			isa = XCBuildConfiguration;
			buildSettings = {
				ALWAYS_SEARCH_USER_PATHS = NO;
				CLANG_ANALYZER_NONNULL = YES;
				CLANG_ANALYZER_NUMBER_OBJECT_CONVERSION = YES_AGGRESSIVE;
				CLANG_CXX_LANGUAGE_STANDARD = "gnu++14";
				CLANG_CXX_LIBRARY = "libc++";
				CLANG_ENABLE_MODULES = YES;
				CLANG_ENABLE_OBJC_ARC = YES;
				CLANG_ENABLE_OBJC_WEAK = YES;
				CLANG_WARN_BLOCK_CAPTURE_AUTORELEASING = YES;
				CLANG_WARN_BOOL_CONVERSION = YES;
				CLANG_WARN_COMMA = YES;
				CLANG_WARN_CONSTANT_CONVERSION = YES;
				CLANG_WARN_DEPRECATED_OBJC_IMPLEMENTATIONS = YES;
				CLANG_WARN_DIRECT_OBJC_ISA_USAGE = YES_ERROR;
				CLANG_WARN_DOCUMENTATION_COMMENTS = YES;
				CLANG_WARN_EMPTY_BODY = YES;
				CLANG_WARN_ENUM_CONVERSION = YES;
				CLANG_WARN_INFINITE_RECURSION = YES;
				CLANG_WARN_INT_CONVERSION = YES;
				CLANG_WARN_NON_LITERAL_NULL_CONVERSION = YES;
				CLANG_WARN_OBJC_IMPLICIT_RETAIN_SELF = YES;
				CLANG_WARN_OBJC_LITERAL_CONVERSION = YES;
				CLANG_WARN_OBJC_ROOT_CLASS = YES_ERROR;
				CLANG_WARN_RANGE_LOOP_ANALYSIS = YES;
				CLANG_WARN_STRICT_PROTOTYPES = YES;
				CLANG_WARN_SUSPICIOUS_MOVE = YES;
				CLANG_WARN_UNGUARDED_AVAILABILITY = YES_AGGRESSIVE;
				CLANG_WARN_UNREACHABLE_CODE = YES;
				CLANG_WARN__DUPLICATE_METHOD_MATCH = YES;
				CODE_SIGN_IDENTITY = "iPhone Developer";
				COPY_PHASE_STRIP = NO;
				DEBUG_INFORMATION_FORMAT = "dwarf-with-dsym";
				ENABLE_NS_ASSERTIONS = NO;
				ENABLE_STRICT_OBJC_MSGSEND = YES;
				GCC_C_LANGUAGE_STANDARD = gnu11;
				GCC_NO_COMMON_BLOCKS = YES;
				GCC_WARN_64_TO_32_BIT_CONVERSION = YES;
				GCC_WARN_ABOUT_RETURN_TYPE = YES_ERROR;
				GCC_WARN_UNDECLARED_SELECTOR = YES;
				GCC_WARN_UNINITIALIZED_AUTOS = YES_AGGRESSIVE;
				GCC_WARN_UNUSED_FUNCTION = YES;
				GCC_WARN_UNUSED_VARIABLE = YES;
				IPHONEOS_DEPLOYMENT_TARGET = 13.0;
				MTL_ENABLE_DEBUG_INFO = NO;
				MTL_FAST_MATH = YES;
				SDKROOT = iphoneos;
				SWIFT_COMPILATION_MODE = wholemodule;
				SWIFT_OPTIMIZATION_LEVEL = "-O";
				VALIDATE_PRODUCT = YES;
			};
			name = Release;
		};
		C0E1E16821A89C1D001AC5E4 /* Debug */ = {
			isa = XCBuildConfiguration;
			baseConfigurationReference = 4E8733F270E99C71212CBA15 /* Pods-NYLT Quick Photo Capture.debug.xcconfig */;
			buildSettings = {
				ASSETCATALOG_COMPILER_APPICON_NAME = AppIcon;
				ASSETCATALOG_COMPILER_LAUNCHIMAGE_NAME = LaunchImage;
				CODE_SIGN_ENTITLEMENTS = "NYLT Quick Photo Capture/NYLT Quick Photo Capture.entitlements";
				"CODE_SIGN_IDENTITY[sdk=macosx*]" = "Apple Development";
				CODE_SIGN_STYLE = Automatic;
				CURRENT_PROJECT_VERSION = 3;
				DERIVE_MACCATALYST_PRODUCT_BUNDLE_IDENTIFIER = YES;
				DEVELOPMENT_TEAM = 7V888RBLR5;
				"ENABLE_HARDENED_RUNTIME[sdk=macosx*]" = YES;
				HEADER_SEARCH_PATHS = "$(SRCROOT)/Pods/**";
				INFOPLIST_FILE = "NYLT Quick Photo Capture/Info.plist";
				IPHONEOS_DEPLOYMENT_TARGET = 13.0;
				LD_RUNPATH_SEARCH_PATHS = (
					"$(inherited)",
					"@executable_path/Frameworks",
				);
				MARKETING_VERSION = 1.1;
				PRODUCT_BUNDLE_IDENTIFIER = "org.aacnylt.NYLT-Quick-Photo-Capture";
				PRODUCT_NAME = "$(TARGET_NAME)";
				SUPPORTS_MACCATALYST = YES;
				SWIFT_VERSION = 5.0;
				TARGETED_DEVICE_FAMILY = "1,2";
			};
			name = Debug;
		};
		C0E1E16921A89C1D001AC5E4 /* Release */ = {
			isa = XCBuildConfiguration;
			baseConfigurationReference = 3DF83339C7273240E737522D /* Pods-NYLT Quick Photo Capture.release.xcconfig */;
			buildSettings = {
				ASSETCATALOG_COMPILER_APPICON_NAME = AppIcon;
				ASSETCATALOG_COMPILER_LAUNCHIMAGE_NAME = LaunchImage;
				CODE_SIGN_ENTITLEMENTS = "NYLT Quick Photo Capture/NYLT Quick Photo Capture.entitlements";
				"CODE_SIGN_IDENTITY[sdk=macosx*]" = "Apple Development";
				CODE_SIGN_STYLE = Automatic;
				CURRENT_PROJECT_VERSION = 3;
				DERIVE_MACCATALYST_PRODUCT_BUNDLE_IDENTIFIER = YES;
				DEVELOPMENT_TEAM = 7V888RBLR5;
				"ENABLE_HARDENED_RUNTIME[sdk=macosx*]" = YES;
				HEADER_SEARCH_PATHS = "$(SRCROOT)/Pods/**";
				INFOPLIST_FILE = "NYLT Quick Photo Capture/Info.plist";
				IPHONEOS_DEPLOYMENT_TARGET = 13.0;
				LD_RUNPATH_SEARCH_PATHS = (
					"$(inherited)",
					"@executable_path/Frameworks",
				);
				MARKETING_VERSION = 1.1;
				PRODUCT_BUNDLE_IDENTIFIER = "org.aacnylt.NYLT-Quick-Photo-Capture";
				PRODUCT_NAME = "$(TARGET_NAME)";
				SUPPORTS_MACCATALYST = YES;
				SWIFT_VERSION = 5.0;
				TARGETED_DEVICE_FAMILY = "1,2";
			};
			name = Release;
		};
		C0E1E16B21A89C1D001AC5E4 /* Debug */ = {
			isa = XCBuildConfiguration;
			baseConfigurationReference = A50E9D3CFF7A421E4C3F6F59 /* Pods-NYLT Quick Photo CaptureTests.debug.xcconfig */;
			buildSettings = {
				ALWAYS_EMBED_SWIFT_STANDARD_LIBRARIES = YES;
				BUNDLE_LOADER = "$(TEST_HOST)";
				CODE_SIGN_STYLE = Automatic;
				DEVELOPMENT_TEAM = 7V888RBLR5;
				INFOPLIST_FILE = "NYLT Quick Photo CaptureTests/Info.plist";
				LD_RUNPATH_SEARCH_PATHS = (
					"$(inherited)",
					"@executable_path/Frameworks",
					"@loader_path/Frameworks",
				);
				PRODUCT_BUNDLE_IDENTIFIER = "org.aacnylt.NYLT-Quick-Photo-CaptureTests";
				PRODUCT_NAME = "$(TARGET_NAME)";
				SWIFT_VERSION = 5.0;
				TARGETED_DEVICE_FAMILY = "1,2";
				TEST_HOST = "$(BUILT_PRODUCTS_DIR)/NYLT Quick Photo Capture.app/NYLT Quick Photo Capture";
			};
			name = Debug;
		};
		C0E1E16C21A89C1D001AC5E4 /* Release */ = {
			isa = XCBuildConfiguration;
			baseConfigurationReference = 8F5722A797313C37AB192893 /* Pods-NYLT Quick Photo CaptureTests.release.xcconfig */;
			buildSettings = {
				ALWAYS_EMBED_SWIFT_STANDARD_LIBRARIES = YES;
				BUNDLE_LOADER = "$(TEST_HOST)";
				CODE_SIGN_STYLE = Automatic;
				DEVELOPMENT_TEAM = 7V888RBLR5;
				INFOPLIST_FILE = "NYLT Quick Photo CaptureTests/Info.plist";
				LD_RUNPATH_SEARCH_PATHS = (
					"$(inherited)",
					"@executable_path/Frameworks",
					"@loader_path/Frameworks",
				);
				PRODUCT_BUNDLE_IDENTIFIER = "org.aacnylt.NYLT-Quick-Photo-CaptureTests";
				PRODUCT_NAME = "$(TARGET_NAME)";
				SWIFT_VERSION = 5.0;
				TARGETED_DEVICE_FAMILY = "1,2";
				TEST_HOST = "$(BUILT_PRODUCTS_DIR)/NYLT Quick Photo Capture.app/NYLT Quick Photo Capture";
			};
			name = Release;
		};
/* End XCBuildConfiguration section */

/* Begin XCConfigurationList section */
		C0E1E14521A89C1B001AC5E4 /* Build configuration list for PBXProject "NYLT Quick Photo Capture" */ = {
			isa = XCConfigurationList;
			buildConfigurations = (
				C0E1E16521A89C1D001AC5E4 /* Debug */,
				C0E1E16621A89C1D001AC5E4 /* Release */,
			);
			defaultConfigurationIsVisible = 0;
			defaultConfigurationName = Release;
		};
		C0E1E16721A89C1D001AC5E4 /* Build configuration list for PBXNativeTarget "NYLT Quick Photo Capture" */ = {
			isa = XCConfigurationList;
			buildConfigurations = (
				C0E1E16821A89C1D001AC5E4 /* Debug */,
				C0E1E16921A89C1D001AC5E4 /* Release */,
			);
			defaultConfigurationIsVisible = 0;
			defaultConfigurationName = Release;
		};
		C0E1E16A21A89C1D001AC5E4 /* Build configuration list for PBXNativeTarget "NYLT Quick Photo CaptureTests" */ = {
			isa = XCConfigurationList;
			buildConfigurations = (
				C0E1E16B21A89C1D001AC5E4 /* Debug */,
				C0E1E16C21A89C1D001AC5E4 /* Release */,
			);
			defaultConfigurationIsVisible = 0;
			defaultConfigurationName = Release;
		};
/* End XCConfigurationList section */
	};
	rootObject = C0E1E14221A89C1B001AC5E4 /* Project object */;
}
